
Microsoft Visual Studio Solution File, Format Version 12.00
# Visual Studio Version 17
VisualStudioVersion = 17.14.36301.6 d17.14
MinimumVisualStudioVersion = 10.0.40219.1
Project("{FAE04EC0-301F-11D3-BF4B-00C04F79EFBC}") = "APIInjDependencias", "APIInjDependencias.csproj", "{D87EDC01-4BDD-4538-9C3E-21CC856A9812}"
EndProject
Global
	GlobalSection(SolutionConfigurationPlatforms) = preSolution
		Debug|Any CPU = Debug|Any CPU
		Release|Any CPU = Release|Any CPU
	EndGlobalSection
	GlobalSection(ProjectConfigurationPlatforms) = postSolution
		{D87EDC01-4BDD-4538-9C3E-21CC856A9812}.Debug|Any CPU.ActiveCfg = Debug|Any CPU
		{D87EDC01-4BDD-4538-9C3E-21CC856A9812}.Debug|Any CPU.Build.0 = Debug|Any CPU
		{D87EDC01-4BDD-4538-9C3E-21CC856A9812}.Release|Any CPU.ActiveCfg = Release|Any CPU
		{D87EDC01-4BDD-4538-9C3E-21CC856A9812}.Release|Any CPU.Build.0 = Release|Any CPU
	EndGlobalSection
	GlobalSection(SolutionProperties) = preSolution
		HideSolutionNode = FALSE
	EndGlobalSection
	GlobalSection(ExtensibilityGlobals) = postSolution
		SolutionGuid = {95452ED6-B921-4EFB-AA12-617EBD1B60C5}
	EndGlobalSection
EndGlobal
